
Microsoft Visual Studio Solution File, Format Version 12.00
# Visual Studio Version 17
VisualStudioVersion = 17.0.31903.59
MinimumVisualStudioVersion = 10.0.40219.1
Project("{FAE04EC0-301F-11D3-BF4B-00C04F79EFBC}") = "BuildMetalamaOpenCostura", "BuildMetalamaOpenCostura.csproj", "{CFC491E6-4264-437C-AB3E-42E8125955D9}"
EndProject
Global
	GlobalSection(SolutionConfigurationPlatforms) = preSolution
		Debug|Any CPU = Debug|Any CPU
		Release|Any CPU = Release|Any CPU
	EndGlobalSection
	GlobalSection(ProjectConfigurationPlatforms) = postSolution
		{CFC491E6-4264-437C-AB3E-42E8125955D9}.Debug|Any CPU.ActiveCfg = Debug|Any CPU
		{CFC491E6-4264-437C-AB3E-42E8125955D9}.Debug|Any CPU.Build.0 = Debug|Any CPU
		{CFC491E6-4264-437C-AB3E-42E8125955D9}.Release|Any CPU.ActiveCfg = Release|Any CPU
		{CFC491E6-4264-437C-AB3E-42E8125955D9}.Release|Any CPU.Build.0 = Release|Any CPU
	EndGlobalSection
	GlobalSection(SolutionProperties) = preSolution
		HideSolutionNode = FALSE
	EndGlobalSection
	GlobalSection(ExtensibilityGlobals) = postSolution
		SolutionGuid = {15450424-064D-4943-AEE6-EE79577B4679}
	EndGlobalSection
EndGlobal
